// !$*UTF8*$!
{
	archiveVersion = 1;
	classes = {
	};
	objectVersion = 50;
	objects = {

/* Begin PBXBuildFile section */
		BF17C4BB25976E7000730A81 /* SearchBar.swift in Sources */ = {isa = PBXBuildFile; fileRef = BF17C4BA25976E7000730A81 /* SearchBar.swift */; };
		BF17C4C12597777000730A81 /* SummaryResponse.swift in Sources */ = {isa = PBXBuildFile; fileRef = BF17C4C02597777000730A81 /* SummaryResponse.swift */; };
		BF17C4C62597783600730A81 /* SummaryProviding.swift in Sources */ = {isa = PBXBuildFile; fileRef = BF17C4C52597783600730A81 /* SummaryProviding.swift */; };
		BF17C4CA2597787400730A81 /* SummaryProvider.swift in Sources */ = {isa = PBXBuildFile; fileRef = BF17C4C92597787400730A81 /* SummaryProvider.swift */; };
		BF17C4D0259779FE00730A81 /* GlobalStatsStore.swift in Sources */ = {isa = PBXBuildFile; fileRef = BF17C4CF259779FE00730A81 /* GlobalStatsStore.swift */; };
		BF17C4D525977A6300730A81 /* GlobalStatsStore+.swift in Sources */ = {isa = PBXBuildFile; fileRef = BF17C4D425977A6300730A81 /* GlobalStatsStore+.swift */; };
		BF2829C82534CEC300911D5F /* HomeHeaderView.swift in Sources */ = {isa = PBXBuildFile; fileRef = BF2829C72534CEC300911D5F /* HomeHeaderView.swift */; };
		BF2829CC2534D9E900911D5F /* StatsGridView.swift in Sources */ = {isa = PBXBuildFile; fileRef = BF2829CB2534D9E900911D5F /* StatsGridView.swift */; };
		BF2829D3253627D900911D5F /* StatsGridCell.swift in Sources */ = {isa = PBXBuildFile; fileRef = BF2829D2253627D900911D5F /* StatsGridCell.swift */; };
		BF2829D625362FA300911D5F /* GlobalStatsList.swift in Sources */ = {isa = PBXBuildFile; fileRef = BF2829D525362FA300911D5F /* GlobalStatsList.swift */; };
		BF2829D925362FDE00911D5F /* GlobalStatsCell.swift in Sources */ = {isa = PBXBuildFile; fileRef = BF2829D825362FDE00911D5F /* GlobalStatsCell.swift */; };
		BF4648FC259E815E000AB3BD /* Publisher+Sink.swift in Sources */ = {isa = PBXBuildFile; fileRef = BF4648FB259E815E000AB3BD /* Publisher+Sink.swift */; };
		BF464906259E84D4000AB3BD /* ErrorView.swift in Sources */ = {isa = PBXBuildFile; fileRef = BF464905259E84D4000AB3BD /* ErrorView.swift */; };
		BF46490A259F70A0000AB3BD /* AsyncContentView.swift in Sources */ = {isa = PBXBuildFile; fileRef = BF464909259F70A0000AB3BD /* AsyncContentView.swift */; };
		BF46490F259F8C6E000AB3BD /* NetworkManager.swift in Sources */ = {isa = PBXBuildFile; fileRef = BF46490E259F8C6E000AB3BD /* NetworkManager.swift */; };
		BF7879DE2541ECE0006CFD69 /* ShimmerView.swift in Sources */ = {isa = PBXBuildFile; fileRef = BF7879DD2541ECE0006CFD69 /* ShimmerView.swift */; };
		BF7879E42541F3B7006CFD69 /* HomeHeaderViewModel.swift in Sources */ = {isa = PBXBuildFile; fileRef = BF7879E32541F3B7006CFD69 /* HomeHeaderViewModel.swift */; };
		BF7879E92541F416006CFD69 /* LastUpdateDateFormatterTests.swift in Sources */ = {isa = PBXBuildFile; fileRef = BF7879E82541F416006CFD69 /* LastUpdateDateFormatterTests.swift */; };
		BF7879F32541FCAC006CFD69 /* LastUpdateDateFormatter.swift in Sources */ = {isa = PBXBuildFile; fileRef = BF7879F22541FCAC006CFD69 /* LastUpdateDateFormatter.swift */; };
		BFA9E15E253C82F800919AFC /* StatsGridElement.swift in Sources */ = {isa = PBXBuildFile; fileRef = BFA9E15D253C82F800919AFC /* StatsGridElement.swift */; };
		BFA9E162253C83DB00919AFC /* StatsGridViewModel.swift in Sources */ = {isa = PBXBuildFile; fileRef = BFA9E161253C83DB00919AFC /* StatsGridViewModel.swift */; };
		BFBE7EFD253E0EF700DC9A26 /* NetworkingMock.swift in Sources */ = {isa = PBXBuildFile; fileRef = BFBE7EFC253E0EF700DC9A26 /* NetworkingMock.swift */; };
		BFBFAC86252CD44D00F9C0FD /* app.swift in Sources */ = {isa = PBXBuildFile; fileRef = BFBFAC85252CD44D00F9C0FD /* app.swift */; };
		BFBFAC88252CD44D00F9C0FD /* HomeView.swift in Sources */ = {isa = PBXBuildFile; fileRef = BFBFAC87252CD44D00F9C0FD /* HomeView.swift */; };
		BFBFAC8A252CD44E00F9C0FD /* Assets.xcassets in Resources */ = {isa = PBXBuildFile; fileRef = BFBFAC89252CD44E00F9C0FD /* Assets.xcassets */; };
		BFBFAC8D252CD44E00F9C0FD /* Preview Assets.xcassets in Resources */ = {isa = PBXBuildFile; fileRef = BFBFAC8C252CD44E00F9C0FD /* Preview Assets.xcassets */; };
		BFBFCFFF2545FC0700062C1C /* Country.swift in Sources */ = {isa = PBXBuildFile; fileRef = BFBFCFFE2545FC0700062C1C /* Country.swift */; };
		BFC990342537679100B96B3E /* HomeStore.swift in Sources */ = {isa = PBXBuildFile; fileRef = BFC990332537679100B96B3E /* HomeStore.swift */; };
		BFC9903E25376C6400B96B3E /* TotalCountryStats.swift in Sources */ = {isa = PBXBuildFile; fileRef = BFC9903D25376C6400B96B3E /* TotalCountryStats.swift */; };
		BFCC26AB259F8F300043204A /* countries.json in Resources */ = {isa = PBXBuildFile; fileRef = BFCC26AA259F8F300043204A /* countries.json */; };
		BFCC26AF259F91720043204A /* LocalNetworkManager.swift in Sources */ = {isa = PBXBuildFile; fileRef = BFCC26AE259F91720043204A /* LocalNetworkManager.swift */; };
		BFCC26B5259F91F40043204A /* Resolver.swift in Sources */ = {isa = PBXBuildFile; fileRef = BFCC26B4259F91F40043204A /* Resolver.swift */; };
		BFCC26CF259F98E90043204A /* Networking.swift in Sources */ = {isa = PBXBuildFile; fileRef = BFCC26CE259F98E90043204A /* Networking.swift */; };
		BFDDA535253E0E5C00F96B05 /* HomeViewModelTests.swift in Sources */ = {isa = PBXBuildFile; fileRef = BFDDA534253E0E5C00F96B05 /* HomeViewModelTests.swift */; };
		BFE07A8F2594CDFD00AF393A /* CountryPickerView.swift in Sources */ = {isa = PBXBuildFile; fileRef = BFE07A8E2594CDFC00AF393A /* CountryPickerView.swift */; };
		BFE07A932594CEC100AF393A /* CountryListProvider.swift in Sources */ = {isa = PBXBuildFile; fileRef = BFE07A922594CEC100AF393A /* CountryListProvider.swift */; };
		BFFDB51B2594D1F7007E258B /* Endpoints.swift in Sources */ = {isa = PBXBuildFile; fileRef = BFFDB51A2594D1F7007E258B /* Endpoints.swift */; };
		BFFDB5232594D2B4007E258B /* CountryPickerViewModel.swift in Sources */ = {isa = PBXBuildFile; fileRef = BFFDB5222594D2B4007E258B /* CountryPickerViewModel.swift */; };
		BFFDB5442594DCFA007E258B /* TotalCountryStatsProviding.swift in Sources */ = {isa = PBXBuildFile; fileRef = BFFDB5432594DCFA007E258B /* TotalCountryStatsProviding.swift */; };
		BFFDB5482594DD4D007E258B /* TotalCountryStatsProvider.swift in Sources */ = {isa = PBXBuildFile; fileRef = BFFDB5472594DD4D007E258B /* TotalCountryStatsProvider.swift */; };
		BFFDB54F2594DE74007E258B /* HomeStore+.swift in Sources */ = {isa = PBXBuildFile; fileRef = BFFDB54E2594DE74007E258B /* HomeStore+.swift */; };
/* End PBXBuildFile section */

/* Begin PBXContainerItemProxy section */
		BFDDA537253E0E5C00F96B05 /* PBXContainerItemProxy */ = {
			isa = PBXContainerItemProxy;
			containerPortal = BFBFAC7A252CD44D00F9C0FD /* Project object */;
			proxyType = 1;
			remoteGlobalIDString = BFBFAC81252CD44D00F9C0FD;
			remoteInfo = "covid-swiftui";
		};
/* End PBXContainerItemProxy section */

/* Begin PBXFileReference section */
		BF17C4BA25976E7000730A81 /* SearchBar.swift */ = {isa = PBXFileReference; lastKnownFileType = sourcecode.swift; path = SearchBar.swift; sourceTree = "<group>"; };
		BF17C4C02597777000730A81 /* SummaryResponse.swift */ = {isa = PBXFileReference; lastKnownFileType = sourcecode.swift; path = SummaryResponse.swift; sourceTree = "<group>"; };
		BF17C4C52597783600730A81 /* SummaryProviding.swift */ = {isa = PBXFileReference; lastKnownFileType = sourcecode.swift; path = SummaryProviding.swift; sourceTree = "<group>"; };
		BF17C4C92597787400730A81 /* SummaryProvider.swift */ = {isa = PBXFileReference; lastKnownFileType = sourcecode.swift; path = SummaryProvider.swift; sourceTree = "<group>"; };
		BF17C4CF259779FE00730A81 /* GlobalStatsStore.swift */ = {isa = PBXFileReference; lastKnownFileType = sourcecode.swift; path = GlobalStatsStore.swift; sourceTree = "<group>"; };
		BF17C4D425977A6300730A81 /* GlobalStatsStore+.swift */ = {isa = PBXFileReference; lastKnownFileType = sourcecode.swift; path = "GlobalStatsStore+.swift"; sourceTree = "<group>"; };
		BF2829C72534CEC300911D5F /* HomeHeaderView.swift */ = {isa = PBXFileReference; lastKnownFileType = sourcecode.swift; path = HomeHeaderView.swift; sourceTree = "<group>"; };
		BF2829CB2534D9E900911D5F /* StatsGridView.swift */ = {isa = PBXFileReference; lastKnownFileType = sourcecode.swift; path = StatsGridView.swift; sourceTree = "<group>"; };
		BF2829D2253627D900911D5F /* StatsGridCell.swift */ = {isa = PBXFileReference; lastKnownFileType = sourcecode.swift; path = StatsGridCell.swift; sourceTree = "<group>"; };
		BF2829D525362FA300911D5F /* GlobalStatsList.swift */ = {isa = PBXFileReference; lastKnownFileType = sourcecode.swift; path = GlobalStatsList.swift; sourceTree = "<group>"; };
		BF2829D825362FDE00911D5F /* GlobalStatsCell.swift */ = {isa = PBXFileReference; lastKnownFileType = sourcecode.swift; path = GlobalStatsCell.swift; sourceTree = "<group>"; };
		BF4648FB259E815E000AB3BD /* Publisher+Sink.swift */ = {isa = PBXFileReference; lastKnownFileType = sourcecode.swift; path = "Publisher+Sink.swift"; sourceTree = "<group>"; };
		BF464905259E84D4000AB3BD /* ErrorView.swift */ = {isa = PBXFileReference; lastKnownFileType = sourcecode.swift; path = ErrorView.swift; sourceTree = "<group>"; };
		BF464909259F70A0000AB3BD /* AsyncContentView.swift */ = {isa = PBXFileReference; lastKnownFileType = sourcecode.swift; path = AsyncContentView.swift; sourceTree = "<group>"; };
		BF46490E259F8C6E000AB3BD /* NetworkManager.swift */ = {isa = PBXFileReference; lastKnownFileType = sourcecode.swift; path = NetworkManager.swift; sourceTree = "<group>"; };
		BF7879DD2541ECE0006CFD69 /* ShimmerView.swift */ = {isa = PBXFileReference; lastKnownFileType = sourcecode.swift; path = ShimmerView.swift; sourceTree = "<group>"; };
		BF7879E32541F3B7006CFD69 /* HomeHeaderViewModel.swift */ = {isa = PBXFileReference; lastKnownFileType = sourcecode.swift; path = HomeHeaderViewModel.swift; sourceTree = "<group>"; };
		BF7879E82541F416006CFD69 /* LastUpdateDateFormatterTests.swift */ = {isa = PBXFileReference; lastKnownFileType = sourcecode.swift; path = LastUpdateDateFormatterTests.swift; sourceTree = "<group>"; };
		BF7879F22541FCAC006CFD69 /* LastUpdateDateFormatter.swift */ = {isa = PBXFileReference; lastKnownFileType = sourcecode.swift; path = LastUpdateDateFormatter.swift; sourceTree = "<group>"; };
		BFA9E15D253C82F800919AFC /* StatsGridElement.swift */ = {isa = PBXFileReference; lastKnownFileType = sourcecode.swift; path = StatsGridElement.swift; sourceTree = "<group>"; };
		BFA9E161253C83DB00919AFC /* StatsGridViewModel.swift */ = {isa = PBXFileReference; lastKnownFileType = sourcecode.swift; path = StatsGridViewModel.swift; sourceTree = "<group>"; };
		BFBE7EFC253E0EF700DC9A26 /* NetworkingMock.swift */ = {isa = PBXFileReference; lastKnownFileType = sourcecode.swift; path = NetworkingMock.swift; sourceTree = "<group>"; };
		BFBFAC82252CD44D00F9C0FD /* covid-swiftui.app */ = {isa = PBXFileReference; explicitFileType = wrapper.application; includeInIndex = 0; path = "covid-swiftui.app"; sourceTree = BUILT_PRODUCTS_DIR; };
		BFBFAC85252CD44D00F9C0FD /* app.swift */ = {isa = PBXFileReference; lastKnownFileType = sourcecode.swift; path = app.swift; sourceTree = "<group>"; };
		BFBFAC87252CD44D00F9C0FD /* HomeView.swift */ = {isa = PBXFileReference; lastKnownFileType = sourcecode.swift; path = HomeView.swift; sourceTree = "<group>"; };
		BFBFAC89252CD44E00F9C0FD /* Assets.xcassets */ = {isa = PBXFileReference; lastKnownFileType = folder.assetcatalog; path = Assets.xcassets; sourceTree = "<group>"; };
		BFBFAC8C252CD44E00F9C0FD /* Preview Assets.xcassets */ = {isa = PBXFileReference; lastKnownFileType = folder.assetcatalog; path = "Preview Assets.xcassets"; sourceTree = "<group>"; };
		BFBFAC8E252CD44E00F9C0FD /* Info.plist */ = {isa = PBXFileReference; lastKnownFileType = text.plist.xml; path = Info.plist; sourceTree = "<group>"; };
		BFBFCFFE2545FC0700062C1C /* Country.swift */ = {isa = PBXFileReference; lastKnownFileType = sourcecode.swift; path = Country.swift; sourceTree = "<group>"; };
		BFC990332537679100B96B3E /* HomeStore.swift */ = {isa = PBXFileReference; lastKnownFileType = sourcecode.swift; path = HomeStore.swift; sourceTree = "<group>"; };
		BFC9903D25376C6400B96B3E /* TotalCountryStats.swift */ = {isa = PBXFileReference; lastKnownFileType = sourcecode.swift; path = TotalCountryStats.swift; sourceTree = "<group>"; };
		BFCC26AA259F8F300043204A /* countries.json */ = {isa = PBXFileReference; fileEncoding = 4; lastKnownFileType = text.json; path = countries.json; sourceTree = "<group>"; };
		BFCC26AE259F91720043204A /* LocalNetworkManager.swift */ = {isa = PBXFileReference; lastKnownFileType = sourcecode.swift; path = LocalNetworkManager.swift; sourceTree = "<group>"; };
		BFCC26B4259F91F40043204A /* Resolver.swift */ = {isa = PBXFileReference; lastKnownFileType = sourcecode.swift; path = Resolver.swift; sourceTree = "<group>"; };
		BFCC26CE259F98E90043204A /* Networking.swift */ = {isa = PBXFileReference; lastKnownFileType = sourcecode.swift; path = Networking.swift; sourceTree = "<group>"; };
		BFDDA532253E0E5C00F96B05 /* covid-swiftuiTests.xctest */ = {isa = PBXFileReference; explicitFileType = wrapper.cfbundle; includeInIndex = 0; path = "covid-swiftuiTests.xctest"; sourceTree = BUILT_PRODUCTS_DIR; };
		BFDDA534253E0E5C00F96B05 /* HomeViewModelTests.swift */ = {isa = PBXFileReference; lastKnownFileType = sourcecode.swift; path = HomeViewModelTests.swift; sourceTree = "<group>"; };
		BFDDA536253E0E5C00F96B05 /* Info.plist */ = {isa = PBXFileReference; lastKnownFileType = text.plist.xml; path = Info.plist; sourceTree = "<group>"; };
		BFE07A8E2594CDFC00AF393A /* CountryPickerView.swift */ = {isa = PBXFileReference; lastKnownFileType = sourcecode.swift; path = CountryPickerView.swift; sourceTree = "<group>"; };
		BFE07A922594CEC100AF393A /* CountryListProvider.swift */ = {isa = PBXFileReference; lastKnownFileType = sourcecode.swift; path = CountryListProvider.swift; sourceTree = "<group>"; };
		BFFDB51A2594D1F7007E258B /* Endpoints.swift */ = {isa = PBXFileReference; lastKnownFileType = sourcecode.swift; path = Endpoints.swift; sourceTree = "<group>"; };
		BFFDB5222594D2B4007E258B /* CountryPickerViewModel.swift */ = {isa = PBXFileReference; lastKnownFileType = sourcecode.swift; path = CountryPickerViewModel.swift; sourceTree = "<group>"; };
		BFFDB5432594DCFA007E258B /* TotalCountryStatsProviding.swift */ = {isa = PBXFileReference; lastKnownFileType = sourcecode.swift; path = TotalCountryStatsProviding.swift; sourceTree = "<group>"; };
		BFFDB5472594DD4D007E258B /* TotalCountryStatsProvider.swift */ = {isa = PBXFileReference; lastKnownFileType = sourcecode.swift; path = TotalCountryStatsProvider.swift; sourceTree = "<group>"; };
		BFFDB54E2594DE74007E258B /* HomeStore+.swift */ = {isa = PBXFileReference; lastKnownFileType = sourcecode.swift; path = "HomeStore+.swift"; sourceTree = "<group>"; };
/* End PBXFileReference section */

/* Begin PBXFrameworksBuildPhase section */
		BFBFAC7F252CD44D00F9C0FD /* Frameworks */ = {
			isa = PBXFrameworksBuildPhase;
			buildActionMask = 2147483647;
			files = (
			);
			runOnlyForDeploymentPostprocessing = 0;
		};
		BFDDA52F253E0E5C00F96B05 /* Frameworks */ = {
			isa = PBXFrameworksBuildPhase;
			buildActionMask = 2147483647;
			files = (
			);
			runOnlyForDeploymentPostprocessing = 0;
		};
/* End PBXFrameworksBuildPhase section */

/* Begin PBXGroup section */
		BF17C4BE2597771B00730A81 /* Summary */ = {
			isa = PBXGroup;
			children = (
				BF17C4BF2597774400730A81 /* Model */,
				BF17C4C42597782B00730A81 /* Provider */,
			);
			path = Summary;
			sourceTree = "<group>";
		};
		BF17C4BF2597774400730A81 /* Model */ = {
			isa = PBXGroup;
			children = (
				BF17C4C02597777000730A81 /* SummaryResponse.swift */,
			);
			path = Model;
			sourceTree = "<group>";
		};
		BF17C4C42597782B00730A81 /* Provider */ = {
			isa = PBXGroup;
			children = (
				BF17C4C52597783600730A81 /* SummaryProviding.swift */,
				BF17C4C92597787400730A81 /* SummaryProvider.swift */,
			);
			path = Provider;
			sourceTree = "<group>";
		};
		BF17C4D325977A5800730A81 /* Store */ = {
			isa = PBXGroup;
			children = (
				BF17C4CF259779FE00730A81 /* GlobalStatsStore.swift */,
				BF17C4D425977A6300730A81 /* GlobalStatsStore+.swift */,
			);
			path = Store;
			sourceTree = "<group>";
		};
		BF46490D259F8C61000AB3BD /* Networking */ = {
			isa = PBXGroup;
			children = (
				BFCC26CE259F98E90043204A /* Networking.swift */,
				BF46490E259F8C6E000AB3BD /* NetworkManager.swift */,
				BFCC26AE259F91720043204A /* LocalNetworkManager.swift */,
				BFCC26B2259F91AB0043204A /* API */,
			);
			path = Networking;
			sourceTree = "<group>";
		};
		BF6EAE542594E06B00FCC4A1 /* Components */ = {
			isa = PBXGroup;
			children = (
				BFC9903A25376C0000B96B3E /* Header */,
				BFC9903B25376C0800B96B3E /* Top Rank */,
				BFC9903925376BDF00B96B3E /* Country Stats */,
			);
			path = Components;
			sourceTree = "<group>";
		};
		BF7879DC2541ECD5006CFD69 /* Common */ = {
			isa = PBXGroup;
			children = (
				BF7879F02541FC99006CFD69 /* Views */,
				BF7879F12541FCA2006CFD69 /* Utils */,
			);
			path = Common;
			sourceTree = "<group>";
		};
		BF7879E72541F405006CFD69 /* Utils */ = {
			isa = PBXGroup;
			children = (
				BF7879E82541F416006CFD69 /* LastUpdateDateFormatterTests.swift */,
			);
			path = Utils;
			sourceTree = "<group>";
		};
		BF7879F02541FC99006CFD69 /* Views */ = {
			isa = PBXGroup;
			children = (
				BF7879DD2541ECE0006CFD69 /* ShimmerView.swift */,
				BF464909259F70A0000AB3BD /* AsyncContentView.swift */,
				BF464905259E84D4000AB3BD /* ErrorView.swift */,
				BF17C4BA25976E7000730A81 /* SearchBar.swift */,
			);
			path = Views;
			sourceTree = "<group>";
		};
		BF7879F12541FCA2006CFD69 /* Utils */ = {
			isa = PBXGroup;
			children = (
				BF7879F22541FCAC006CFD69 /* LastUpdateDateFormatter.swift */,
				BF4648FB259E815E000AB3BD /* Publisher+Sink.swift */,
			);
			path = Utils;
			sourceTree = "<group>";
		};
		BFA9E157253C7FC800919AFC /* Model */ = {
			isa = PBXGroup;
			children = (
				BFA9E15D253C82F800919AFC /* StatsGridElement.swift */,
				BFA9E161253C83DB00919AFC /* StatsGridViewModel.swift */,
			);
			path = Model;
			sourceTree = "<group>";
		};
		BFBE7EFB253E0ED900DC9A26 /* Services */ = {
			isa = PBXGroup;
			children = (
				BFBE7EFC253E0EF700DC9A26 /* NetworkingMock.swift */,
			);
			path = Services;
			sourceTree = "<group>";
		};
		BFBE7F04253E136400DC9A26 /* Tests */ = {
			isa = PBXGroup;
			children = (
				BFDDA534253E0E5C00F96B05 /* HomeViewModelTests.swift */,
			);
			path = Tests;
			sourceTree = "<group>";
		};
		BFBE7F0B253E138C00DC9A26 /* Services */ = {
			isa = PBXGroup;
			children = (
				BFCC26B3259F91DC0043204A /* Dependencies */,
				BF46490D259F8C61000AB3BD /* Networking */,
			);
			path = Services;
			sourceTree = "<group>";
		};
		BFBE7F18253E151000DC9A26 /* Components */ = {
			isa = PBXGroup;
			children = (
				BF7879DC2541ECD5006CFD69 /* Common */,
				BFC9903625376BBD00B96B3E /* Home */,
				BFE07A8D2594CDE500AF393A /* CountryPicker */,
			);
			path = Components;
			sourceTree = "<group>";
		};
		BFBFAC79252CD44D00F9C0FD = {
			isa = PBXGroup;
			children = (
				BFBFAC84252CD44D00F9C0FD /* covid-swiftui */,
				BFDDA533253E0E5C00F96B05 /* covid-swiftuiTests */,
				BFBFAC83252CD44D00F9C0FD /* Products */,
			);
			sourceTree = "<group>";
		};
		BFBFAC83252CD44D00F9C0FD /* Products */ = {
			isa = PBXGroup;
			children = (
				BFBFAC82252CD44D00F9C0FD /* covid-swiftui.app */,
				BFDDA532253E0E5C00F96B05 /* covid-swiftuiTests.xctest */,
			);
			name = Products;
			sourceTree = "<group>";
		};
		BFBFAC84252CD44D00F9C0FD /* covid-swiftui */ = {
			isa = PBXGroup;
			children = (
				BFBFAC85252CD44D00F9C0FD /* app.swift */,
				BFBE7F0B253E138C00DC9A26 /* Services */,
				BFBE7F18253E151000DC9A26 /* Components */,
				BFCC26A6259F8F0B0043204A /* Resources */,
				BFBFAC8E252CD44E00F9C0FD /* Info.plist */,
				BFBFAC8B252CD44E00F9C0FD /* Preview Content */,
			);
			path = "covid-swiftui";
			sourceTree = "<group>";
		};
		BFBFAC8B252CD44E00F9C0FD /* Preview Content */ = {
			isa = PBXGroup;
			children = (
				BFBFAC8C252CD44E00F9C0FD /* Preview Assets.xcassets */,
			);
			path = "Preview Content";
			sourceTree = "<group>";
		};
		BFC9903625376BBD00B96B3E /* Home */ = {
			isa = PBXGroup;
			children = (
				BF6EAE542594E06B00FCC4A1 /* Components */,
				BFFDB54B2594DE36007E258B /* Store */,
				BFBFAC87252CD44D00F9C0FD /* HomeView.swift */,
			);
			path = Home;
			sourceTree = "<group>";
		};
		BFC9903925376BDF00B96B3E /* Country Stats */ = {
			isa = PBXGroup;
			children = (
				BFA9E157253C7FC800919AFC /* Model */,
				BF2829CB2534D9E900911D5F /* StatsGridView.swift */,
				BF2829D2253627D900911D5F /* StatsGridCell.swift */,
			);
			path = "Country Stats";
			sourceTree = "<group>";
		};
		BFC9903A25376C0000B96B3E /* Header */ = {
			isa = PBXGroup;
			children = (
				BF2829C72534CEC300911D5F /* HomeHeaderView.swift */,
				BF7879E32541F3B7006CFD69 /* HomeHeaderViewModel.swift */,
			);
			path = Header;
			sourceTree = "<group>";
		};
		BFC9903B25376C0800B96B3E /* Top Rank */ = {
			isa = PBXGroup;
			children = (
				BF17C4D325977A5800730A81 /* Store */,
				BF2829D525362FA300911D5F /* GlobalStatsList.swift */,
				BF2829D825362FDE00911D5F /* GlobalStatsCell.swift */,
			);
			path = "Top Rank";
			sourceTree = "<group>";
		};
		BFCC26A6259F8F0B0043204A /* Resources */ = {
			isa = PBXGroup;
			children = (
				BFCC26A9259F8F250043204A /* JSON */,
				BFBFAC89252CD44E00F9C0FD /* Assets.xcassets */,
			);
			path = Resources;
			sourceTree = "<group>";
		};
		BFCC26A9259F8F250043204A /* JSON */ = {
			isa = PBXGroup;
			children = (
				BFCC26AA259F8F300043204A /* countries.json */,
			);
			path = JSON;
			sourceTree = "<group>";
		};
		BFCC26B2259F91AB0043204A /* API */ = {
			isa = PBXGroup;
			children = (
				BFFDB51A2594D1F7007E258B /* Endpoints.swift */,
				BF17C4BE2597771B00730A81 /* Summary */,
				BFE07A982594CF3D00AF393A /* Country List */,
				BFFDB5402594DC4D007E258B /* Total Country Stats */,
			);
			path = API;
			sourceTree = "<group>";
		};
		BFCC26B3259F91DC0043204A /* Dependencies */ = {
			isa = PBXGroup;
			children = (
				BFCC26B4259F91F40043204A /* Resolver.swift */,
			);
			path = Dependencies;
			sourceTree = "<group>";
		};
		BFDDA533253E0E5C00F96B05 /* covid-swiftuiTests */ = {
			isa = PBXGroup;
			children = (
				BFBE7F04253E136400DC9A26 /* Tests */,
				BFBE7EFB253E0ED900DC9A26 /* Services */,
				BF7879E72541F405006CFD69 /* Utils */,
				BFDDA536253E0E5C00F96B05 /* Info.plist */,
			);
			path = "covid-swiftuiTests";
			sourceTree = "<group>";
		};
		BFE07A8D2594CDE500AF393A /* CountryPicker */ = {
			isa = PBXGroup;
			children = (
				BFE07A8E2594CDFC00AF393A /* CountryPickerView.swift */,
				BFFDB5222594D2B4007E258B /* CountryPickerViewModel.swift */,
			);
			path = CountryPicker;
			sourceTree = "<group>";
		};
		BFE07A982594CF3D00AF393A /* Country List */ = {
			isa = PBXGroup;
			children = (
				BFBFCFFE2545FC0700062C1C /* Country.swift */,
				BFE07A922594CEC100AF393A /* CountryListProvider.swift */,
			);
			path = "Country List";
			sourceTree = "<group>";
		};
		BFFDB5402594DC4D007E258B /* Total Country Stats */ = {
			isa = PBXGroup;
			children = (
				BFFDB5412594DC67007E258B /* Model */,
				BFFDB5422594DCE9007E258B /* Provider */,
			);
			path = "Total Country Stats";
			sourceTree = "<group>";
		};
		BFFDB5412594DC67007E258B /* Model */ = {
			isa = PBXGroup;
			children = (
				BFC9903D25376C6400B96B3E /* TotalCountryStats.swift */,
			);
			path = Model;
			sourceTree = "<group>";
		};
		BFFDB5422594DCE9007E258B /* Provider */ = {
			isa = PBXGroup;
			children = (
				BFFDB5432594DCFA007E258B /* TotalCountryStatsProviding.swift */,
				BFFDB5472594DD4D007E258B /* TotalCountryStatsProvider.swift */,
			);
			path = Provider;
			sourceTree = "<group>";
		};
		BFFDB54B2594DE36007E258B /* Store */ = {
			isa = PBXGroup;
			children = (
				BFC990332537679100B96B3E /* HomeStore.swift */,
				BFFDB54E2594DE74007E258B /* HomeStore+.swift */,
			);
			path = Store;
			sourceTree = "<group>";
		};
/* End PBXGroup section */

/* Begin PBXNativeTarget section */
		BFBFAC81252CD44D00F9C0FD /* covid-swiftui */ = {
			isa = PBXNativeTarget;
			buildConfigurationList = BFBFAC91252CD44E00F9C0FD /* Build configuration list for PBXNativeTarget "covid-swiftui" */;
			buildPhases = (
				BFBFAC7E252CD44D00F9C0FD /* Sources */,
				BFBFAC7F252CD44D00F9C0FD /* Frameworks */,
				BFBFAC80252CD44D00F9C0FD /* Resources */,
			);
			buildRules = (
			);
			dependencies = (
			);
			name = "covid-swiftui";
			productName = "covid-swiftui";
			productReference = BFBFAC82252CD44D00F9C0FD /* covid-swiftui.app */;
			productType = "com.apple.product-type.application";
		};
		BFDDA531253E0E5C00F96B05 /* covid-swiftuiTests */ = {
			isa = PBXNativeTarget;
			buildConfigurationList = BFDDA53B253E0E5C00F96B05 /* Build configuration list for PBXNativeTarget "covid-swiftuiTests" */;
			buildPhases = (
				BFDDA52E253E0E5C00F96B05 /* Sources */,
				BFDDA52F253E0E5C00F96B05 /* Frameworks */,
				BFDDA530253E0E5C00F96B05 /* Resources */,
			);
			buildRules = (
			);
			dependencies = (
				BFDDA538253E0E5C00F96B05 /* PBXTargetDependency */,
			);
			name = "covid-swiftuiTests";
			productName = "covid-swiftuiTests";
			productReference = BFDDA532253E0E5C00F96B05 /* covid-swiftuiTests.xctest */;
			productType = "com.apple.product-type.bundle.unit-test";
		};
/* End PBXNativeTarget section */

/* Begin PBXProject section */
		BFBFAC7A252CD44D00F9C0FD /* Project object */ = {
			isa = PBXProject;
			attributes = {
				LastSwiftUpdateCheck = 1200;
				LastUpgradeCheck = 1200;
				TargetAttributes = {
					BFBFAC81252CD44D00F9C0FD = {
						CreatedOnToolsVersion = 12.0.1;
					};
					BFDDA531253E0E5C00F96B05 = {
						CreatedOnToolsVersion = 12.0.1;
						TestTargetID = BFBFAC81252CD44D00F9C0FD;
					};
				};
			};
			buildConfigurationList = BFBFAC7D252CD44D00F9C0FD /* Build configuration list for PBXProject "covid-swiftui" */;
			compatibilityVersion = "Xcode 9.3";
			developmentRegion = en;
			hasScannedForEncodings = 0;
			knownRegions = (
				en,
				Base,
			);
			mainGroup = BFBFAC79252CD44D00F9C0FD;
			productRefGroup = BFBFAC83252CD44D00F9C0FD /* Products */;
			projectDirPath = "";
			projectRoot = "";
			targets = (
				BFBFAC81252CD44D00F9C0FD /* covid-swiftui */,
				BFDDA531253E0E5C00F96B05 /* covid-swiftuiTests */,
			);
		};
/* End PBXProject section */

/* Begin PBXResourcesBuildPhase section */
		BFBFAC80252CD44D00F9C0FD /* Resources */ = {
			isa = PBXResourcesBuildPhase;
			buildActionMask = 2147483647;
			files = (
				BFCC26AB259F8F300043204A /* countries.json in Resources */,
				BFBFAC8D252CD44E00F9C0FD /* Preview Assets.xcassets in Resources */,
				BFBFAC8A252CD44E00F9C0FD /* Assets.xcassets in Resources */,
			);
			runOnlyForDeploymentPostprocessing = 0;
		};
		BFDDA530253E0E5C00F96B05 /* Resources */ = {
			isa = PBXResourcesBuildPhase;
			buildActionMask = 2147483647;
			files = (
			);
			runOnlyForDeploymentPostprocessing = 0;
		};
/* End PBXResourcesBuildPhase section */

/* Begin PBXSourcesBuildPhase section */
		BFBFAC7E252CD44D00F9C0FD /* Sources */ = {
			isa = PBXSourcesBuildPhase;
			buildActionMask = 2147483647;
			files = (
				BFE07A8F2594CDFD00AF393A /* CountryPickerView.swift in Sources */,
				BF46490A259F70A0000AB3BD /* AsyncContentView.swift in Sources */,
				BFC9903E25376C6400B96B3E /* TotalCountryStats.swift in Sources */,
				BFCC26B5259F91F40043204A /* Resolver.swift in Sources */,
				BF7879F32541FCAC006CFD69 /* LastUpdateDateFormatter.swift in Sources */,
				BFFDB5232594D2B4007E258B /* CountryPickerViewModel.swift in Sources */,
				BFCC26CF259F98E90043204A /* Networking.swift in Sources */,
				BF2829C82534CEC300911D5F /* HomeHeaderView.swift in Sources */,
				BFFDB5442594DCFA007E258B /* TotalCountryStatsProviding.swift in Sources */,
				BF17C4BB25976E7000730A81 /* SearchBar.swift in Sources */,
				BF17C4D0259779FE00730A81 /* GlobalStatsStore.swift in Sources */,
				BF46490F259F8C6E000AB3BD /* NetworkManager.swift in Sources */,
				BF7879E42541F3B7006CFD69 /* HomeHeaderViewModel.swift in Sources */,
				BF17C4C12597777000730A81 /* SummaryResponse.swift in Sources */,
				BF17C4D525977A6300730A81 /* GlobalStatsStore+.swift in Sources */,
				BFCC26AF259F91720043204A /* LocalNetworkManager.swift in Sources */,
				BFC990342537679100B96B3E /* HomeStore.swift in Sources */,
				BFA9E162253C83DB00919AFC /* StatsGridViewModel.swift in Sources */,
				BF464906259E84D4000AB3BD /* ErrorView.swift in Sources */,
				BFA9E15E253C82F800919AFC /* StatsGridElement.swift in Sources */,
				BF17C4C62597783600730A81 /* SummaryProviding.swift in Sources */,
				BF2829D3253627D900911D5F /* StatsGridCell.swift in Sources */,
				BFFDB5482594DD4D007E258B /* TotalCountryStatsProvider.swift in Sources */,
				BF17C4CA2597787400730A81 /* SummaryProvider.swift in Sources */,
				BFBFAC88252CD44D00F9C0FD /* HomeView.swift in Sources */,
				BFBFCFFF2545FC0700062C1C /* Country.swift in Sources */,
				BF2829CC2534D9E900911D5F /* StatsGridView.swift in Sources */,
				BFE07A932594CEC100AF393A /* CountryListProvider.swift in Sources */,
				BF2829D925362FDE00911D5F /* GlobalStatsCell.swift in Sources */,
				BF2829D625362FA300911D5F /* GlobalStatsList.swift in Sources */,
				BF7879DE2541ECE0006CFD69 /* ShimmerView.swift in Sources */,
				BFFDB54F2594DE74007E258B /* HomeStore+.swift in Sources */,
				BFFDB51B2594D1F7007E258B /* Endpoints.swift in Sources */,
				BF4648FC259E815E000AB3BD /* Publisher+Sink.swift in Sources */,
				BFBFAC86252CD44D00F9C0FD /* app.swift in Sources */,
			);
			runOnlyForDeploymentPostprocessing = 0;
		};
		BFDDA52E253E0E5C00F96B05 /* Sources */ = {
			isa = PBXSourcesBuildPhase;
			buildActionMask = 2147483647;
			files = (
				BFDDA535253E0E5C00F96B05 /* HomeViewModelTests.swift in Sources */,
				BF7879E92541F416006CFD69 /* LastUpdateDateFormatterTests.swift in Sources */,
				BFBE7EFD253E0EF700DC9A26 /* NetworkingMock.swift in Sources */,
			);
			runOnlyForDeploymentPostprocessing = 0;
		};
/* End PBXSourcesBuildPhase section */

/* Begin PBXTargetDependency section */
		BFDDA538253E0E5C00F96B05 /* PBXTargetDependency */ = {
			isa = PBXTargetDependency;
			target = BFBFAC81252CD44D00F9C0FD /* covid-swiftui */;
			targetProxy = BFDDA537253E0E5C00F96B05 /* PBXContainerItemProxy */;
		};
/* End PBXTargetDependency section */

/* Begin XCBuildConfiguration section */
		BFBFAC8F252CD44E00F9C0FD /* Debug */ = {
			isa = XCBuildConfiguration;
			buildSettings = {
				ALWAYS_SEARCH_USER_PATHS = NO;
				CLANG_ANALYZER_NONNULL = YES;
				CLANG_ANALYZER_NUMBER_OBJECT_CONVERSION = YES_AGGRESSIVE;
				CLANG_CXX_LANGUAGE_STANDARD = "gnu++14";
				CLANG_CXX_LIBRARY = "libc++";
				CLANG_ENABLE_MODULES = YES;
				CLANG_ENABLE_OBJC_ARC = YES;
				CLANG_ENABLE_OBJC_WEAK = YES;
				CLANG_WARN_BLOCK_CAPTURE_AUTORELEASING = YES;
				CLANG_WARN_BOOL_CONVERSION = YES;
				CLANG_WARN_COMMA = YES;
				CLANG_WARN_CONSTANT_CONVERSION = YES;
				CLANG_WARN_DEPRECATED_OBJC_IMPLEMENTATIONS = YES;
				CLANG_WARN_DIRECT_OBJC_ISA_USAGE = YES_ERROR;
				CLANG_WARN_DOCUMENTATION_COMMENTS = YES;
				CLANG_WARN_EMPTY_BODY = YES;
				CLANG_WARN_ENUM_CONVERSION = YES;
				CLANG_WARN_INFINITE_RECURSION = YES;
				CLANG_WARN_INT_CONVERSION = YES;
				CLANG_WARN_NON_LITERAL_NULL_CONVERSION = YES;
				CLANG_WARN_OBJC_IMPLICIT_RETAIN_SELF = YES;
				CLANG_WARN_OBJC_LITERAL_CONVERSION = YES;
				CLANG_WARN_OBJC_ROOT_CLASS = YES_ERROR;
				CLANG_WARN_QUOTED_INCLUDE_IN_FRAMEWORK_HEADER = YES;
				CLANG_WARN_RANGE_LOOP_ANALYSIS = YES;
				CLANG_WARN_STRICT_PROTOTYPES = YES;
				CLANG_WARN_SUSPICIOUS_MOVE = YES;
				CLANG_WARN_UNGUARDED_AVAILABILITY = YES_AGGRESSIVE;
				CLANG_WARN_UNREACHABLE_CODE = YES;
				CLANG_WARN__DUPLICATE_METHOD_MATCH = YES;
				COPY_PHASE_STRIP = NO;
				DEBUG_INFORMATION_FORMAT = dwarf;
				ENABLE_STRICT_OBJC_MSGSEND = YES;
				ENABLE_TESTABILITY = YES;
				GCC_C_LANGUAGE_STANDARD = gnu11;
				GCC_DYNAMIC_NO_PIC = NO;
				GCC_NO_COMMON_BLOCKS = YES;
				GCC_OPTIMIZATION_LEVEL = 0;
				GCC_PREPROCESSOR_DEFINITIONS = (
					"DEBUG=1",
					"$(inherited)",
				);
				GCC_WARN_64_TO_32_BIT_CONVERSION = YES;
				GCC_WARN_ABOUT_RETURN_TYPE = YES_ERROR;
				GCC_WARN_UNDECLARED_SELECTOR = YES;
				GCC_WARN_UNINITIALIZED_AUTOS = YES_AGGRESSIVE;
				GCC_WARN_UNUSED_FUNCTION = YES;
				GCC_WARN_UNUSED_VARIABLE = YES;
				IPHONEOS_DEPLOYMENT_TARGET = 14.0;
				MTL_ENABLE_DEBUG_INFO = INCLUDE_SOURCE;
				MTL_FAST_MATH = YES;
				ONLY_ACTIVE_ARCH = YES;
				SDKROOT = iphoneos;
				SWIFT_ACTIVE_COMPILATION_CONDITIONS = DEBUG;
				SWIFT_OPTIMIZATION_LEVEL = "-Onone";
			};
			name = Debug;
		};
		BFBFAC90252CD44E00F9C0FD /* Release */ = {
			isa = XCBuildConfiguration;
			buildSettings = {
				ALWAYS_SEARCH_USER_PATHS = NO;
				CLANG_ANALYZER_NONNULL = YES;
				CLANG_ANALYZER_NUMBER_OBJECT_CONVERSION = YES_AGGRESSIVE;
				CLANG_CXX_LANGUAGE_STANDARD = "gnu++14";
				CLANG_CXX_LIBRARY = "libc++";
				CLANG_ENABLE_MODULES = YES;
				CLANG_ENABLE_OBJC_ARC = YES;
				CLANG_ENABLE_OBJC_WEAK = YES;
				CLANG_WARN_BLOCK_CAPTURE_AUTORELEASING = YES;
				CLANG_WARN_BOOL_CONVERSION = YES;
				CLANG_WARN_COMMA = YES;
				CLANG_WARN_CONSTANT_CONVERSION = YES;
				CLANG_WARN_DEPRECATED_OBJC_IMPLEMENTATIONS = YES;
				CLANG_WARN_DIRECT_OBJC_ISA_USAGE = YES_ERROR;
				CLANG_WARN_DOCUMENTATION_COMMENTS = YES;
				CLANG_WARN_EMPTY_BODY = YES;
				CLANG_WARN_ENUM_CONVERSION = YES;
				CLANG_WARN_INFINITE_RECURSION = YES;
				CLANG_WARN_INT_CONVERSION = YES;
				CLANG_WARN_NON_LITERAL_NULL_CONVERSION = YES;
				CLANG_WARN_OBJC_IMPLICIT_RETAIN_SELF = YES;
				CLANG_WARN_OBJC_LITERAL_CONVERSION = YES;
				CLANG_WARN_OBJC_ROOT_CLASS = YES_ERROR;
				CLANG_WARN_QUOTED_INCLUDE_IN_FRAMEWORK_HEADER = YES;
				CLANG_WARN_RANGE_LOOP_ANALYSIS = YES;
				CLANG_WARN_STRICT_PROTOTYPES = YES;
				CLANG_WARN_SUSPICIOUS_MOVE = YES;
				CLANG_WARN_UNGUARDED_AVAILABILITY = YES_AGGRESSIVE;
				CLANG_WARN_UNREACHABLE_CODE = YES;
				CLANG_WARN__DUPLICATE_METHOD_MATCH = YES;
				COPY_PHASE_STRIP = NO;
				DEBUG_INFORMATION_FORMAT = "dwarf-with-dsym";
				ENABLE_NS_ASSERTIONS = NO;
				ENABLE_STRICT_OBJC_MSGSEND = YES;
				GCC_C_LANGUAGE_STANDARD = gnu11;
				GCC_NO_COMMON_BLOCKS = YES;
				GCC_WARN_64_TO_32_BIT_CONVERSION = YES;
				GCC_WARN_ABOUT_RETURN_TYPE = YES_ERROR;
				GCC_WARN_UNDECLARED_SELECTOR = YES;
				GCC_WARN_UNINITIALIZED_AUTOS = YES_AGGRESSIVE;
				GCC_WARN_UNUSED_FUNCTION = YES;
				GCC_WARN_UNUSED_VARIABLE = YES;
				IPHONEOS_DEPLOYMENT_TARGET = 14.0;
				MTL_ENABLE_DEBUG_INFO = NO;
				MTL_FAST_MATH = YES;
				SDKROOT = iphoneos;
				SWIFT_COMPILATION_MODE = wholemodule;
				SWIFT_OPTIMIZATION_LEVEL = "-O";
				VALIDATE_PRODUCT = YES;
			};
			name = Release;
		};
		BFBFAC92252CD44E00F9C0FD /* Debug */ = {
			isa = XCBuildConfiguration;
			buildSettings = {
				ASSETCATALOG_COMPILER_APPICON_NAME = AppIcon;
				ASSETCATALOG_COMPILER_GLOBAL_ACCENT_COLOR_NAME = AccentColor;
				CODE_SIGN_STYLE = Automatic;
				DEVELOPMENT_ASSET_PATHS = "\"covid-swiftui/Preview Content\"";
				ENABLE_PREVIEWS = YES;
				INFOPLIST_FILE = "covid-swiftui/Info.plist";
				IPHONEOS_DEPLOYMENT_TARGET = 14.0;
				LD_RUNPATH_SEARCH_PATHS = (
					"$(inherited)",
					"@executable_path/Frameworks",
				);
				PRODUCT_BUNDLE_IDENTIFIER = "com.gorecki.covid-swiftui";
				PRODUCT_NAME = "$(TARGET_NAME)";
				SWIFT_VERSION = 5.0;
				TARGETED_DEVICE_FAMILY = "1,2";
			};
			name = Debug;
		};
		BFBFAC93252CD44E00F9C0FD /* Release */ = {
			isa = XCBuildConfiguration;
			buildSettings = {
				ASSETCATALOG_COMPILER_APPICON_NAME = AppIcon;
				ASSETCATALOG_COMPILER_GLOBAL_ACCENT_COLOR_NAME = AccentColor;
				CODE_SIGN_STYLE = Automatic;
				DEVELOPMENT_ASSET_PATHS = "\"covid-swiftui/Preview Content\"";
				ENABLE_PREVIEWS = YES;
				INFOPLIST_FILE = "covid-swiftui/Info.plist";
				IPHONEOS_DEPLOYMENT_TARGET = 14.0;
				LD_RUNPATH_SEARCH_PATHS = (
					"$(inherited)",
					"@executable_path/Frameworks",
				);
				PRODUCT_BUNDLE_IDENTIFIER = "com.gorecki.covid-swiftui";
				PRODUCT_NAME = "$(TARGET_NAME)";
				SWIFT_VERSION = 5.0;
				TARGETED_DEVICE_FAMILY = "1,2";
			};
			name = Release;
		};
		BFDDA539253E0E5C00F96B05 /* Debug */ = {
			isa = XCBuildConfiguration;
			buildSettings = {
				BUNDLE_LOADER = "$(TEST_HOST)";
				CODE_SIGN_STYLE = Automatic;
				INFOPLIST_FILE = "covid-swiftuiTests/Info.plist";
				LD_RUNPATH_SEARCH_PATHS = (
					"$(inherited)",
					"@executable_path/Frameworks",
					"@loader_path/Frameworks",
				);
				PRODUCT_BUNDLE_IDENTIFIER = "com.gorecki.covid-swiftuiTests";
				PRODUCT_NAME = "$(TARGET_NAME)";
				SWIFT_VERSION = 5.0;
				TARGETED_DEVICE_FAMILY = "1,2";
				TEST_HOST = "$(BUILT_PRODUCTS_DIR)/covid-swiftui.app/covid-swiftui";
			};
			name = Debug;
		};
		BFDDA53A253E0E5C00F96B05 /* Release */ = {
			isa = XCBuildConfiguration;
			buildSettings = {
				BUNDLE_LOADER = "$(TEST_HOST)";
				CODE_SIGN_STYLE = Automatic;
				INFOPLIST_FILE = "covid-swiftuiTests/Info.plist";
				LD_RUNPATH_SEARCH_PATHS = (
					"$(inherited)",
					"@executable_path/Frameworks",
					"@loader_path/Frameworks",
				);
				PRODUCT_BUNDLE_IDENTIFIER = "com.gorecki.covid-swiftuiTests";
				PRODUCT_NAME = "$(TARGET_NAME)";
				SWIFT_VERSION = 5.0;
				TARGETED_DEVICE_FAMILY = "1,2";
				TEST_HOST = "$(BUILT_PRODUCTS_DIR)/covid-swiftui.app/covid-swiftui";
			};
			name = Release;
		};
/* End XCBuildConfiguration section */

/* Begin XCConfigurationList section */
		BFBFAC7D252CD44D00F9C0FD /* Build configuration list for PBXProject "covid-swiftui" */ = {
			isa = XCConfigurationList;
			buildConfigurations = (
				BFBFAC8F252CD44E00F9C0FD /* Debug */,
				BFBFAC90252CD44E00F9C0FD /* Release */,
			);
			defaultConfigurationIsVisible = 0;
			defaultConfigurationName = Release;
		};
		BFBFAC91252CD44E00F9C0FD /* Build configuration list for PBXNativeTarget "covid-swiftui" */ = {
			isa = XCConfigurationList;
			buildConfigurations = (
				BFBFAC92252CD44E00F9C0FD /* Debug */,
				BFBFAC93252CD44E00F9C0FD /* Release */,
			);
			defaultConfigurationIsVisible = 0;
			defaultConfigurationName = Release;
		};
		BFDDA53B253E0E5C00F96B05 /* Build configuration list for PBXNativeTarget "covid-swiftuiTests" */ = {
			isa = XCConfigurationList;
			buildConfigurations = (
				BFDDA539253E0E5C00F96B05 /* Debug */,
				BFDDA53A253E0E5C00F96B05 /* Release */,
			);
			defaultConfigurationIsVisible = 0;
			defaultConfigurationName = Release;
		};
/* End XCConfigurationList section */
	};
	rootObject = BFBFAC7A252CD44D00F9C0FD /* Project object */;
}
